
Microsoft Visual Studio Solution File, Format Version 12.00
# Visual Studio 15
VisualStudioVersion = 15.0.28307.421
MinimumVisualStudioVersion = 10.0.40219.1
Project("{FAE04EC0-301F-11D3-BF4B-00C04F79EFBC}") = "TP_Personne", "TP_Personne\TP_Personne.csproj", "{26AD7167-1FC9-4F6A-B0A7-D4C48BE81F78}"
EndProject
Global
	GlobalSection(SolutionConfigurationPlatforms) = preSolution
		Debug|Any CPU = Debug|Any CPU
		Release|Any CPU = Release|Any CPU
	EndGlobalSection
	GlobalSection(ProjectConfigurationPlatforms) = postSolution
		{26AD7167-1FC9-4F6A-B0A7-D4C48BE81F78}.Debug|Any CPU.ActiveCfg = Debug|Any CPU
		{26AD7167-1FC9-4F6A-B0A7-D4C48BE81F78}.Debug|Any CPU.Build.0 = Debug|Any CPU
		{26AD7167-1FC9-4F6A-B0A7-D4C48BE81F78}.Release|Any CPU.ActiveCfg = Release|Any CPU
		{26AD7167-1FC9-4F6A-B0A7-D4C48BE81F78}.Release|Any CPU.Build.0 = Release|Any CPU
	EndGlobalSection
	GlobalSection(SolutionProperties) = preSolution
		HideSolutionNode = FALSE
	EndGlobalSection
	GlobalSection(ExtensibilityGlobals) = postSolution
		SolutionGuid = {27EA3EEB-C835-44D1-B8CB-4090EBD67E3B}
	EndGlobalSection
EndGlobal
